
Microsoft Visual Studio Solution File, Format Version 12.00
# Visual Studio Version 17
VisualStudioVersion = 17.9.34723.18
MinimumVisualStudioVersion = 10.0.40219.1
Project("{FAE04EC0-301F-11D3-BF4B-00C04F79EFBC}") = "Chapter2_Item14", "Chapter2_Item14.csproj", "{3BF8E224-1FA9-47C4-B222-A3AE41F453C3}"
EndProject
Project("{FAE04EC0-301F-11D3-BF4B-00C04F79EFBC}") = "Chapter2_Item15", "..\Chapter2_Item15\Chapter2_Item15.csproj", "{70611911-F305-493C-A04C-B9DABB3C1573}"
EndProject
Project("{FAE04EC0-301F-11D3-BF4B-00C04F79EFBC}") = "Chapter2_Item16", "..\Chapter2_Item16\Chapter2_Item16.csproj", "{ADFECC81-ED38-46A8-9405-0899A68C58E3}"
EndProject
Project("{FAE04EC0-301F-11D3-BF4B-00C04F79EFBC}") = "Chapter2_Item17", "..\Chapter2_Item17\Chapter2_Item17.csproj", "{A9A245AB-03D0-4B83-935B-4B2723783A56}"
EndProject
Project("{FAE04EC0-301F-11D3-BF4B-00C04F79EFBC}") = "Chapter3_Item18", "..\Chapter2_Item18\Chapter3_Item18.csproj", "{342D81C1-CCA3-484F-B0C8-4CD11C37450E}"
EndProject
Project("{FAE04EC0-301F-11D3-BF4B-00C04F79EFBC}") = "Chapter4_LINQ_ITEM29", "..\Chapter4_LINQ_ITEM29\Chapter4_LINQ_ITEM29.csproj", "{B7D4E4E7-73C8-451F-A56C-449F94F4CC02}"
EndProject
Global
	GlobalSection(SolutionConfigurationPlatforms) = preSolution
		Debug|Any CPU = Debug|Any CPU
		Release|Any CPU = Release|Any CPU
	EndGlobalSection
	GlobalSection(ProjectConfigurationPlatforms) = postSolution
		{3BF8E224-1FA9-47C4-B222-A3AE41F453C3}.Debug|Any CPU.ActiveCfg = Debug|Any CPU
		{3BF8E224-1FA9-47C4-B222-A3AE41F453C3}.Debug|Any CPU.Build.0 = Debug|Any CPU
		{3BF8E224-1FA9-47C4-B222-A3AE41F453C3}.Release|Any CPU.ActiveCfg = Release|Any CPU
		{3BF8E224-1FA9-47C4-B222-A3AE41F453C3}.Release|Any CPU.Build.0 = Release|Any CPU
		{70611911-F305-493C-A04C-B9DABB3C1573}.Debug|Any CPU.ActiveCfg = Debug|Any CPU
		{70611911-F305-493C-A04C-B9DABB3C1573}.Debug|Any CPU.Build.0 = Debug|Any CPU
		{70611911-F305-493C-A04C-B9DABB3C1573}.Release|Any CPU.ActiveCfg = Release|Any CPU
		{70611911-F305-493C-A04C-B9DABB3C1573}.Release|Any CPU.Build.0 = Release|Any CPU
		{ADFECC81-ED38-46A8-9405-0899A68C58E3}.Debug|Any CPU.ActiveCfg = Debug|Any CPU
		{ADFECC81-ED38-46A8-9405-0899A68C58E3}.Debug|Any CPU.Build.0 = Debug|Any CPU
		{ADFECC81-ED38-46A8-9405-0899A68C58E3}.Release|Any CPU.ActiveCfg = Release|Any CPU
		{ADFECC81-ED38-46A8-9405-0899A68C58E3}.Release|Any CPU.Build.0 = Release|Any CPU
		{A9A245AB-03D0-4B83-935B-4B2723783A56}.Debug|Any CPU.ActiveCfg = Debug|Any CPU
		{A9A245AB-03D0-4B83-935B-4B2723783A56}.Debug|Any CPU.Build.0 = Debug|Any CPU
		{A9A245AB-03D0-4B83-935B-4B2723783A56}.Release|Any CPU.ActiveCfg = Release|Any CPU
		{A9A245AB-03D0-4B83-935B-4B2723783A56}.Release|Any CPU.Build.0 = Release|Any CPU
		{342D81C1-CCA3-484F-B0C8-4CD11C37450E}.Debug|Any CPU.ActiveCfg = Debug|Any CPU
		{342D81C1-CCA3-484F-B0C8-4CD11C37450E}.Debug|Any CPU.Build.0 = Debug|Any CPU
		{342D81C1-CCA3-484F-B0C8-4CD11C37450E}.Release|Any CPU.ActiveCfg = Release|Any CPU
		{342D81C1-CCA3-484F-B0C8-4CD11C37450E}.Release|Any CPU.Build.0 = Release|Any CPU
		{B7D4E4E7-73C8-451F-A56C-449F94F4CC02}.Debug|Any CPU.ActiveCfg = Debug|Any CPU
		{B7D4E4E7-73C8-451F-A56C-449F94F4CC02}.Debug|Any CPU.Build.0 = Debug|Any CPU
		{B7D4E4E7-73C8-451F-A56C-449F94F4CC02}.Release|Any CPU.ActiveCfg = Release|Any CPU
		{B7D4E4E7-73C8-451F-A56C-449F94F4CC02}.Release|Any CPU.Build.0 = Release|Any CPU
	EndGlobalSection
	GlobalSection(SolutionProperties) = preSolution
		HideSolutionNode = FALSE
	EndGlobalSection
	GlobalSection(ExtensibilityGlobals) = postSolution
		SolutionGuid = {29306940-1D1C-4C14-A7B5-7F7AA1F22C27}
	EndGlobalSection
EndGlobal
